
Microsoft Visual Studio Solution File, Format Version 12.00
# Visual Studio 15
VisualStudioVersion = 15.0.28307.572
MinimumVisualStudioVersion = 10.0.40219.1
Project("{8BC9CEB8-8B4A-11D0-8D11-00A0C91BC942}") = "WindowsDemo", "WindowsDemo\WindowsDemo.vcxproj", "{92CBB9CE-2E65-4696-A0A9-AEDD524A4282}"
EndProject
Project("{8BC9CEB8-8B4A-11D0-8D11-00A0C91BC942}") = "LinuxDemo", "LinuxDemo\LinuxDemo.vcxproj", "{D64BDEF7-E083-461E-9889-FD7AF457ADF8}"
EndProject
Global
	GlobalSection(SolutionConfigurationPlatforms) = preSolution
		Debug|x64 = Debug|x64
		Release|x64 = Release|x64
	EndGlobalSection
	GlobalSection(ProjectConfigurationPlatforms) = postSolution
		{92CBB9CE-2E65-4696-A0A9-AEDD524A4282}.Debug|x64.ActiveCfg = Debug|x64
		{92CBB9CE-2E65-4696-A0A9-AEDD524A4282}.Debug|x64.Build.0 = Debug|x64
		{92CBB9CE-2E65-4696-A0A9-AEDD524A4282}.Release|x64.ActiveCfg = Release|x64
		{92CBB9CE-2E65-4696-A0A9-AEDD524A4282}.Release|x64.Build.0 = Release|x64
		{D64BDEF7-E083-461E-9889-FD7AF457ADF8}.Debug|x64.ActiveCfg = Debug|x64
		{D64BDEF7-E083-461E-9889-FD7AF457ADF8}.Debug|x64.Build.0 = Debug|x64
		{D64BDEF7-E083-461E-9889-FD7AF457ADF8}.Release|x64.ActiveCfg = Release|x64
		{D64BDEF7-E083-461E-9889-FD7AF457ADF8}.Release|x64.Build.0 = Release|x64
	EndGlobalSection
	GlobalSection(SolutionProperties) = preSolution
		HideSolutionNode = FALSE
	EndGlobalSection
	GlobalSection(ExtensibilityGlobals) = postSolution
		SolutionGuid = {651AD664-93A2-41EF-9554-DFA97517DA7A}
	EndGlobalSection
EndGlobal
